{
  "name": "cra",
  "version": "0.1.0",
  "lockfileVersion": 1,
  "requires": true,
  "dependencies": {
    "@babel/runtime": {
      "version": "7.15.4",
      "resolved": "https://registry.npmjs.org/@babel/runtime/-/runtime-7.15.4.tgz",
      "integrity": "sha512-99catp6bHCaxr4sJ/DbTGgHS4+Rs2RVd2g7iOap6SLGPDknRK9ztKNsE/Fg6QhSeh1FGE5f6gHGQmvvn3I3xhw==",
      "requires": {
        "regenerator-runtime": "^0.13.4"
      }
    },
    "@chevrotain/types": {
      "version": "9.0.2",
      "resolved": "https://registry.npmjs.org/@chevrotain/types/-/types-9.0.2.tgz",
      "integrity": "sha512-lo1dQPX7DQffJb26eaYLEy4/jUTFmsGKa43mDvMNAHwItEgUQHUkTZR0iAkHG0aJv8ejM/KqYpRVSNetrOK8qw=="
    },
    "@chevrotain/utils": {
      "version": "9.0.2",
      "resolved": "https://registry.npmjs.org/@chevrotain/utils/-/utils-9.0.2.tgz",
      "integrity": "sha512-iTju1VpbGruWagXS/XswuqeimOCRNeDvrXLlWHYsHp1qTU8sJfAfLiX5vs7DNxB1px6N8VWVI0SD8vMUksNBYw=="
    },
    "@juggle/resize-observer": {
      "version": "3.3.1",
      "resolved": "https://registry.npmjs.org/@juggle/resize-observer/-/resize-observer-3.3.1.tgz",
      "integrity": "sha512-zMM9Ds+SawiUkakS7y94Ymqx+S0ORzpG3frZirN3l+UlXUmSUR7hF4wxCVqW+ei94JzV5kt0uXBcoOEAuiydrw=="
    },
    "@types/gl-matrix": {
      "version": "2.4.5",
      "resolved": "https://registry.npmjs.org/@types/gl-matrix/-/gl-matrix-2.4.5.tgz",
      "integrity": "sha512-0L8Mq1+oaIW0oVzGUDbSW+HnTjCNb4CmoIQE5BkoHt/A7x20z0MJ1PnwfH3atty/vbWLGgvJwVu2Mz3SKFiEFw=="
    },
    "@types/json-schema": {
      "version": "7.0.9",
      "resolved": "https://registry.npmjs.org/@types/json-schema/-/json-schema-7.0.9.tgz",
      "integrity": "sha512-qcUXuemtEu+E5wZSJHNxUXeCZhAfXKQ41D+duX+VYPde7xyEVZci+/oXKJL13tnRs9lR2pr4fod59GT6/X1/yQ=="
    },
    "@types/ua-parser-js": {
      "version": "0.7.36",
      "resolved": "https://registry.npmjs.org/@types/ua-parser-js/-/ua-parser-js-0.7.36.tgz",
      "integrity": "sha512-N1rW+njavs70y2cApeIw1vLMYXRwfBy+7trgavGuuTfOd7j1Yh7QTRc/yqsPl6ncokt72ZXuxEU0PiCp9bSwNQ=="
    },
    "@webgpu/glslang": {
      "version": "0.0.15",
      "resolved": "https://registry.npmjs.org/@webgpu/glslang/-/glslang-0.0.15.tgz",
      "integrity": "sha512-niT+Prh3Aff8Uf1MVBVUsaNjFj9rJAKDXuoHIKiQbB+6IUP/3J3JIhBNyZ7lDhytvXxw6ppgnwKZdDJ08UMj4Q=="
    },
    "@webxr-input-profiles/motion-controllers": {
      "version": "1.0.0",
      "resolved": "https://registry.npmjs.org/@webxr-input-profiles/motion-controllers/-/motion-controllers-1.0.0.tgz",
      "integrity": "sha512-Ppxde+G1/QZbU8ShCQg+eq5VtlcL/FPkerF1dkDOLlIml0LJD1tFqnCZYR0SrHzYleIQ2siRnOx7xbFLaCpExQ=="
    },
    "@zappar/zappar": {
      "version": "0.3.14",
      "resolved": "https://registry.npmjs.org/@zappar/zappar/-/zappar-0.3.14.tgz",
      "integrity": "sha512-07n8PBoY7dR+0XZPmtxCP3OcjOX9hq3IzyVZjaDudNxOwePX88SwdJiDR6tp8lGV/ByE+3HpWsCzCWwAXwp99w==",
      "requires": {
        "@zappar/zappar-cv": "^0.3.11"
      }
    },
    "@zappar/zappar-cv": {
      "version": "0.3.12",
      "resolved": "https://registry.npmjs.org/@zappar/zappar-cv/-/zappar-cv-0.3.12.tgz",
      "integrity": "sha512-mNEfCED2ZvOowsHtCEThEtJCh5Ba0DFo2EVUdtIWWC7cG4bctn9ScdZC/DbFbMUCwWZ3mpDl4Z2Sgs+RifUY7Q==",
      "requires": {
        "@types/gl-matrix": "^2.4.5",
        "@types/ua-parser-js": "^0.7.33",
        "file-loader": "^6.2.0",
        "gl-matrix": "3.1.0",
        "ua-parser-js": "^0.7.21",
        "worker-loader": "^3.0.5"
      }
    },
    "@zappar/zappar-react-three-fiber": {
      "version": "1.0.7",
      "resolved": "https://registry.npmjs.org/@zappar/zappar-react-three-fiber/-/zappar-react-three-fiber-1.0.7.tgz",
      "integrity": "sha512-Xc+Dck8eTlJaCHR2XULYy/eEAEWBUK2gGIj3YVDfoXVkL0VVA2jWGz/hERRjHNRQvFKQflxc7KbAV3XB/MvXIA==",
      "requires": {
        "@juggle/resize-observer": "^3.3.1",
        "@react-three/drei": "^7.1.1",
        "@zappar/zappar-threejs": "^0.3.28",
        "react-merge-refs": "^1.1.0",
        "zustand": "^3.3.3"
      },
      "dependencies": {
        "@react-three/drei": {
          "version": "7.12.6",
          "resolved": "https://registry.npmjs.org/@react-three/drei/-/drei-7.12.6.tgz",
          "integrity": "sha512-JCj1HUMBowLzLxwalDm4XU1JN+YGnceYFqYidtpsKwmGC0I7UPKpV9MmNFG3yCby27y5NkA0G9ZfsX4IyaE05g==",
          "requires": {
            "@babel/runtime": "^7.11.2",
            "blob-polyfill": "^5.0.20210201",
            "detect-gpu": "^3.0.0",
            "glsl-noise": "^0.0.0",
            "lodash.omit": "^4.5.0",
            "lodash.pick": "^4.4.0",
            "react-composer": "^5.0.1",
            "react-merge-refs": "^1.0.0",
            "stats.js": "^0.17.0",
            "three-mesh-bvh": "^0.4.1",
            "three-stdlib": "^2.4.2",
            "troika-three-text": "^0.42.0",
            "use-asset": "^1.0.4",
            "utility-types": "^3.10.0",
            "zustand": "^3.5.1"
          }
        }
      }
    },
    "@zappar/zappar-threejs": {
      "version": "0.3.32",
      "resolved": "https://registry.npmjs.org/@zappar/zappar-threejs/-/zappar-threejs-0.3.32.tgz",
      "integrity": "sha512-IsLLOjW2bLiqi9V5rEKGe/tC0r6G7XTUvMxy9O5lRNiLCVuPbrXW8Zw9E2VG8saYKYfzINEUGJiWgoNaDu8rGQ==",
      "requires": {
        "@zappar/zappar": "^0.3.14"
      }
    },
    "ajv": {
      "version": "6.12.6",
      "resolved": "https://registry.npmjs.org/ajv/-/ajv-6.12.6.tgz",
      "integrity": "sha512-j3fVLgvTo527anyYyJOGTYJbG+vnnQYvE0m5mmkc1TK+nxAppkCLMIL0aZ4dblVCNoGShhm+kzE4ZUykBoMg4g==",
      "requires": {
        "fast-deep-equal": "^3.1.1",
        "fast-json-stable-stringify": "^2.0.0",
        "json-schema-traverse": "^0.4.1",
        "uri-js": "^4.2.2"
      }
    },
    "ajv-keywords": {
      "version": "3.5.2",
      "resolved": "https://registry.npmjs.org/ajv-keywords/-/ajv-keywords-3.5.2.tgz",
      "integrity": "sha512-5p6WTN0DdTGVQk6VjcEju19IgaHudalcfabD7yhDGeA6bcQnmL+CpveLJq/3hvfwd1aof6L386Ougkx6RfyMIQ=="
    },
    "bidi-js": {
      "version": "1.0.2",
      "resolved": "https://registry.npmjs.org/bidi-js/-/bidi-js-1.0.2.tgz",
      "integrity": "sha512-rzSy/k7WdX5zOyeHHCOixGXbCHkyogkxPKL2r8QtzHmVQDiWCXUWa18bLdMWT9CYMLOYTjWpTHawuev2ouYJVw==",
      "requires": {
        "require-from-string": "^2.0.2"
      }
    },
    "big.js": {
      "version": "5.2.2",
      "resolved": "https://registry.npmjs.org/big.js/-/big.js-5.2.2.tgz",
      "integrity": "sha512-vyL2OymJxmarO8gxMr0mhChsO9QGwhynfuu4+MHTAW6czfq9humCB7rKpUjDd9YUiDPU4mzpyupFSvOClAwbmQ=="
    },
    "blob-polyfill": {
      "version": "5.0.20210201",
      "resolved": "https://registry.npmjs.org/blob-polyfill/-/blob-polyfill-5.0.20210201.tgz",
      "integrity": "sha512-SrH6IG6aXL9pCgSysBCiDpGcAJ1j6/c1qCwR3sTEQJhb+MTk6FITNA6eW6WNYQDNZVi4Z9GjxH5v2MMTv59CrQ=="
    },
    "chevrotain": {
      "version": "9.0.2",
      "resolved": "https://registry.npmjs.org/chevrotain/-/chevrotain-9.0.2.tgz",
      "integrity": "sha512-6ZjgUdGvU4j1n1b2hTjb79Vr2V+qNtmP7f8FVt79+kdAYcUj2QfYNwI8ycCVsgHD/dIeO5Vr1hckkkfliVQTfg==",
      "requires": {
        "@chevrotain/types": "^9.0.2",
        "@chevrotain/utils": "^9.0.2",
        "regexp-to-ast": "0.5.0"
      }
    },
    "detect-gpu": {
      "version": "3.1.20",
      "resolved": "https://registry.npmjs.org/detect-gpu/-/detect-gpu-3.1.20.tgz",
      "integrity": "sha512-Bl/jWr7ORVflZxD8JWhhRn1OzOLCUxU0m30eCScfWxbbK8anqH2BPgX0HoGK++qXYhp7FTxA7GZHt0j6JKpasA==",
      "requires": {
        "webgl-constants": "^1.1.1"
      }
    },
    "emojis-list": {
      "version": "3.0.0",
      "resolved": "https://registry.npmjs.org/emojis-list/-/emojis-list-3.0.0.tgz",
      "integrity": "sha512-/kyM18EfinwXZbno9FyUGeFh87KC8HRQBQGildHZbEuRyWFOmv1U10o9BBp8XVZDVNNuQKyIGIu5ZYAAXJ0V2Q=="
    },
    "fast-deep-equal": {
      "version": "3.1.3",
      "resolved": "https://registry.npmjs.org/fast-deep-equal/-/fast-deep-equal-3.1.3.tgz",
      "integrity": "sha512-f3qQ9oQy9j2AhBe/H9VC91wLmKBCCU/gDOnKNAYG5hswO7BLKj09Hc5HYNz9cGI++xlpDCIgDaitVs03ATR84Q=="
    },
    "fast-json-stable-stringify": {
      "version": "2.1.0",
      "resolved": "https://registry.npmjs.org/fast-json-stable-stringify/-/fast-json-stable-stringify-2.1.0.tgz",
      "integrity": "sha512-lhd/wF+Lk98HZoTCtlVraHtfh5XYijIjalXck7saUtuanSDyLMxnHhSXEDJqHxD7msR8D0uCmqlkwjCV8xvwHw=="
    },
    "fflate": {
      "version": "0.6.10",
      "resolved": "https://registry.npmjs.org/fflate/-/fflate-0.6.10.tgz",
      "integrity": "sha512-IQrh3lEPM93wVCEczc9SaAOvkmcoQn/G8Bo1e8ZPlY3X3bnAxWaBdvTdvM1hP62iZp0BXWDy4vTAy4fF0+Dlpg=="
    },
    "file-loader": {
      "version": "6.2.0",
      "resolved": "https://registry.npmjs.org/file-loader/-/file-loader-6.2.0.tgz",
      "integrity": "sha512-qo3glqyTa61Ytg4u73GultjHGjdRyig3tG6lPtyX/jOEJvHif9uB0/OCI2Kif6ctF3caQTW2G5gym21oAsI4pw==",
      "requires": {
        "loader-utils": "^2.0.0",
        "schema-utils": "^3.0.0"
      }
    },
    "gl-matrix": {
      "version": "3.1.0",
      "resolved": "https://registry.npmjs.org/gl-matrix/-/gl-matrix-3.1.0.tgz",
      "integrity": "sha512-526NA+3EA+ztAQi0IZpSWiM0fyQXIp7IbRvfJ4wS/TjjQD0uv0fVybXwwqqSOlq33UckivI0yMDlVtboWm3k7A=="
    },
    "glsl-noise": {
      "version": "0.0.0",
      "resolved": "https://registry.npmjs.org/glsl-noise/-/glsl-noise-0.0.0.tgz",
      "integrity": "sha1-NndF86MzgsDu7Ey1S36Zz8HXZws="
    },
    "js-tokens": {
      "version": "4.0.0",
      "resolved": "https://registry.npmjs.org/js-tokens/-/js-tokens-4.0.0.tgz",
      "integrity": "sha512-RdJUflcE3cUzKiMqQgsCu06FPu9UdIJO0beYbPhHN4k6apgJtifcoCtT9bcxOpYBtpD2kCM6Sbzg4CausW/PKQ=="
    },
    "json-schema-traverse": {
      "version": "0.4.1",
      "resolved": "https://registry.npmjs.org/json-schema-traverse/-/json-schema-traverse-0.4.1.tgz",
      "integrity": "sha512-xbbCH5dCYU5T8LcEhhuh7HJ88HXuW3qsI3Y0zOZFKfZEHcpWiHU/Jxzk629Brsab/mMiHQti9wMP+845RPe3Vg=="
    },
    "json5": {
      "version": "2.2.0",
      "resolved": "https://registry.npmjs.org/json5/-/json5-2.2.0.tgz",
      "integrity": "sha512-f+8cldu7X/y7RAJurMEJmdoKXGB/X550w2Nr3tTbezL6RwEE/iMcm+tZnXeoZtKuOq6ft8+CqzEkrIgx1fPoQA==",
      "requires": {
        "minimist": "^1.2.5"
      }
    },
    "ktx-parse": {
      "version": "0.2.1",
      "resolved": "https://registry.npmjs.org/ktx-parse/-/ktx-parse-0.2.1.tgz",
      "integrity": "sha512-I+2mYJ6nQdWGmOlE3m9d9idKfhn2MCw04zaVpgtzyuc19uQ8OwRmmYLf/TP5ueVFfYmHbdpM8mPmId2X5PBLEw=="
    },
    "loader-utils": {
      "version": "2.0.0",
      "resolved": "https://registry.npmjs.org/loader-utils/-/loader-utils-2.0.0.tgz",
      "integrity": "sha512-rP4F0h2RaWSvPEkD7BLDFQnvSf+nK+wr3ESUjNTyAGobqrijmW92zc+SO6d4p4B1wh7+B/Jg1mkQe5NYUEHtHQ==",
      "requires": {
        "big.js": "^5.2.2",
        "emojis-list": "^3.0.0",
        "json5": "^2.1.2"
      }
    },
    "lodash.omit": {
      "version": "4.5.0",
      "resolved": "https://registry.npmjs.org/lodash.omit/-/lodash.omit-4.5.0.tgz",
      "integrity": "sha1-brGa5aHuHdnfC5aeZs4Lf6MLXmA="
    },
    "lodash.pick": {
      "version": "4.4.0",
      "resolved": "https://registry.npmjs.org/lodash.pick/-/lodash.pick-4.4.0.tgz",
      "integrity": "sha1-UvBWEP/53tQiYRRB7R/BI6AwAbM="
    },
    "loose-envify": {
      "version": "1.4.0",
      "resolved": "https://registry.npmjs.org/loose-envify/-/loose-envify-1.4.0.tgz",
      "integrity": "sha512-lyuxPGr/Wfhrlem2CL/UcnUc1zcqKAImBDzukY7Y5F/yQiNdko6+fRLevlw1HgMySw7f611UIY408EtxRSoK3Q==",
      "requires": {
        "js-tokens": "^3.0.0 || ^4.0.0"
      }
    },
    "minimist": {
      "version": "1.2.5",
      "resolved": "https://registry.npmjs.org/minimist/-/minimist-1.2.5.tgz",
      "integrity": "sha512-FM9nNUYrRBAELZQT3xeZQ7fmMOBg6nWNmJKTcgsJeaLstP/UODVpGsr5OhXhhXg6f+qtJ8uiZ+PUxkDWcgIXLw=="
    },
    "mmd-parser": {
      "version": "1.0.4",
      "resolved": "https://registry.npmjs.org/mmd-parser/-/mmd-parser-1.0.4.tgz",
      "integrity": "sha512-Qi0VCU46t2IwfGv5KF0+D/t9cizcDug7qnNoy9Ggk7aucp0tssV8IwTMkBlDbm+VqAf3cdQHTCARKSsuS2MYFg=="
    },
    "object-assign": {
      "version": "4.1.1",
      "resolved": "https://registry.npmjs.org/object-assign/-/object-assign-4.1.1.tgz",
      "integrity": "sha1-IQmtx5ZYh8/AXLvUQsrIv7s2CGM="
    },
    "opentype.js": {
      "version": "1.3.3",
      "resolved": "https://registry.npmjs.org/opentype.js/-/opentype.js-1.3.3.tgz",
      "integrity": "sha512-/qIY/+WnKGlPIIPhbeNjynfD2PO15G9lA/xqlX2bDH+4lc3Xz5GCQ68mqxj3DdUv6AJqCeaPvuAoH8mVL0zcuA==",
      "requires": {
        "string.prototype.codepointat": "^0.2.1",
        "tiny-inflate": "^1.0.3"
      }
    },
    "potpack": {
      "version": "1.0.1",
      "resolved": "https://registry.npmjs.org/potpack/-/potpack-1.0.1.tgz",
      "integrity": "sha512-15vItUAbViaYrmaB/Pbw7z6qX2xENbFSTA7Ii4tgbPtasxm5v6ryKhKtL91tpWovDJzTiZqdwzhcFBCwiMVdVw=="
    },
    "prop-types": {
      "version": "15.7.2",
      "resolved": "https://registry.npmjs.org/prop-types/-/prop-types-15.7.2.tgz",
      "integrity": "sha512-8QQikdH7//R2vurIJSutZ1smHYTcLpRWEOlHnzcWHmBYrOGUysKwSsrC89BCiFj3CbrfJ/nXFdJepOVrY1GCHQ==",
      "requires": {
        "loose-envify": "^1.4.0",
        "object-assign": "^4.1.1",
        "react-is": "^16.8.1"
      }
    },
    "punycode": {
      "version": "2.1.1",
      "resolved": "https://registry.npmjs.org/punycode/-/punycode-2.1.1.tgz",
      "integrity": "sha512-XRsRjdf+j5ml+y/6GKHPZbrF/8p2Yga0JPtdqTIY2Xe5ohJPD9saDJJLPvp9+NSBprVvevdXZybnj2cv8OEd0A=="
    },
    "react-composer": {
      "version": "5.0.1",
      "resolved": "https://registry.npmjs.org/react-composer/-/react-composer-5.0.1.tgz",
      "integrity": "sha512-gp+fEJpZU6mmnKAEskGblwtM0HV6Yh2NiwtUBeGzjEcGSeqxKqGxKq6Ae0ca08SkSDqmeazm09Ybwk8ESHQBIQ==",
      "requires": {
        "prop-types": "^15.6.0"
      }
    },
    "react-is": {
      "version": "16.13.1",
      "resolved": "https://registry.npmjs.org/react-is/-/react-is-16.13.1.tgz",
      "integrity": "sha512-24e6ynE2H+OKt4kqsOvNd8kBpV65zoxbA4BVsEOB3ARVWQki/DHzaUoC5KuON/BiccDaCCTZBuOcfZs70kR8bQ=="
    },
    "react-merge-refs": {
      "version": "1.1.0",
      "resolved": "https://registry.npmjs.org/react-merge-refs/-/react-merge-refs-1.1.0.tgz",
      "integrity": "sha512-alTKsjEL0dKH/ru1Iyn7vliS2QRcBp9zZPGoWxUOvRGWPUYgjo+V01is7p04It6KhgrzhJGnIj9GgX8W4bZoCQ=="
    },
    "regenerator-runtime": {
      "version": "0.13.9",
      "resolved": "https://registry.npmjs.org/regenerator-runtime/-/regenerator-runtime-0.13.9.tgz",
      "integrity": "sha512-p3VT+cOEgxFsRRA9X4lkI1E+k2/CtnKtU4gcxyaCUreilL/vqI6CdZ3wxVUx3UOUg+gnUOQQcRI7BmSI656MYA=="
    },
    "regexp-to-ast": {
      "version": "0.5.0",
      "resolved": "https://registry.npmjs.org/regexp-to-ast/-/regexp-to-ast-0.5.0.tgz",
      "integrity": "sha512-tlbJqcMHnPKI9zSrystikWKwHkBqu2a/Sgw01h3zFjvYrMxEDYHzzoMZnUrbIfpTFEsoRnnviOXNCzFiSc54Qw=="
    },
    "require-from-string": {
      "version": "2.0.2",
      "resolved": "https://registry.npmjs.org/require-from-string/-/require-from-string-2.0.2.tgz",
      "integrity": "sha512-Xf0nWe6RseziFMu+Ap9biiUbmplq6S9/p+7w7YXP/JBHhrUDDUhwa+vANyubuqfZWTveU//DYVGsDG7RKL/vEw=="
    },
    "schema-utils": {
      "version": "3.1.1",
      "resolved": "https://registry.npmjs.org/schema-utils/-/schema-utils-3.1.1.tgz",
      "integrity": "sha512-Y5PQxS4ITlC+EahLuXaY86TXfR7Dc5lw294alXOq86JAHCihAIZfqv8nNCWvaEJvaC51uN9hbLGeV0cFBdH+Fw==",
      "requires": {
        "@types/json-schema": "^7.0.8",
        "ajv": "^6.12.5",
        "ajv-keywords": "^3.5.2"
      }
    },
    "stats.js": {
      "version": "0.17.0",
      "resolved": "https://registry.npmjs.org/stats.js/-/stats.js-0.17.0.tgz",
      "integrity": "sha1-scPcRtlEmLV4t/05hbgaznExzH0="
    },
    "string.prototype.codepointat": {
      "version": "0.2.1",
      "resolved": "https://registry.npmjs.org/string.prototype.codepointat/-/string.prototype.codepointat-0.2.1.tgz",
      "integrity": "sha512-2cBVCj6I4IOvEnjgO/hWqXjqBGsY+zwPmHl12Srk9IXSZ56Jwwmy+66XO5Iut/oQVR7t5ihYdLB0GMa4alEUcg=="
    },
    "three-mesh-bvh": {
      "version": "0.4.3",
      "resolved": "https://registry.npmjs.org/three-mesh-bvh/-/three-mesh-bvh-0.4.3.tgz",
      "integrity": "sha512-4CO1dU73hQRwGgeOL05CnsKkIa0LgNCH6S8t66D9nvSiyK9wDzrSqzGVd8e+eUytFoliYHc/lwoW0uamrmXo5w=="
    },
    "three-stdlib": {
      "version": "2.4.2",
      "resolved": "https://registry.npmjs.org/three-stdlib/-/three-stdlib-2.4.2.tgz",
      "integrity": "sha512-kGd03DzKBTtIZPDIw4VnmEnmiuQbgfUSZo6wuR8DtzUwwhTiqcCefZFVcsmn7Y73Z1cllxxPgV6bV6w+p/axcA==",
      "requires": {
        "@babel/runtime": "^7.14.6",
        "@webgpu/glslang": "^0.0.15",
        "@webxr-input-profiles/motion-controllers": "^1.0.0",
        "chevrotain": "^9.0.2",
        "fflate": "^0.6.9",
        "ktx-parse": "^0.2.1",
        "mmd-parser": "^1.0.4",
        "opentype.js": "^1.3.3",
        "potpack": "^1.0.1",
        "zstddec": "^0.0.2"
      }
    },
    "tiny-inflate": {
      "version": "1.0.3",
      "resolved": "https://registry.npmjs.org/tiny-inflate/-/tiny-inflate-1.0.3.tgz",
      "integrity": "sha512-pkY1fj1cKHb2seWDy0B16HeWyczlJA9/WW3u3c4z/NiWDsO3DOU5D7nhTLE9CF0yXv/QZFY7sEJmj24dK+Rrqw=="
    },
    "troika-three-text": {
      "version": "0.42.0",
      "resolved": "https://registry.npmjs.org/troika-three-text/-/troika-three-text-0.42.0.tgz",
      "integrity": "sha512-bI9tCNwYDxcAi04NN0g0exOCrvNur9YfA2adR3AZgKHq+FIzxFIOem9LJ8kVwvo4smR+/hAv8N8pcRvXTek21w==",
      "requires": {
        "bidi-js": "^1.0.2",
        "troika-three-utils": "^0.42.0",
        "troika-worker-utils": "^0.42.0"
      }
    },
    "troika-three-utils": {
      "version": "0.42.0",
      "resolved": "https://registry.npmjs.org/troika-three-utils/-/troika-three-utils-0.42.0.tgz",
      "integrity": "sha512-IimGItKTN4PxeXEL4uWSF20kHZU1J1jXHD0gYQflX3QOFSven7HBG7nEqHcWavbZkB3AeRfR6NB3294GIt3uGA=="
    },
    "troika-worker-utils": {
      "version": "0.42.0",
      "resolved": "https://registry.npmjs.org/troika-worker-utils/-/troika-worker-utils-0.42.0.tgz",
      "integrity": "sha512-eTfX/vBNC7zMD+sSIDzbQAVwbhotbCz71IimZe0rFqPvAXkvLpKfH2YcWd1Ho42PII1O9Gl4QxxTV8ulRmDilQ=="
    },
    "ua-parser-js": {
      "version": "0.7.28",
      "resolved": "https://registry.npmjs.org/ua-parser-js/-/ua-parser-js-0.7.28.tgz",
      "integrity": "sha512-6Gurc1n//gjp9eQNXjD9O3M/sMwVtN5S8Lv9bvOYBfKfDNiIIhqiyi01vMBO45u4zkDE420w/e0se7Vs+sIg+g=="
    },
    "uri-js": {
      "version": "4.4.1",
      "resolved": "https://registry.npmjs.org/uri-js/-/uri-js-4.4.1.tgz",
      "integrity": "sha512-7rKUyy33Q1yc98pQ1DAmLtwX109F7TIfWlW1Ydo8Wl1ii1SeHieeh0HHfPeL2fMXK6z0s8ecKs9frCuLJvndBg==",
      "requires": {
        "punycode": "^2.1.0"
      }
    },
    "use-asset": {
      "version": "1.0.4",
      "resolved": "https://registry.npmjs.org/use-asset/-/use-asset-1.0.4.tgz",
      "integrity": "sha512-7/hqDrWa0iMnCoET9W1T07EmD4Eg/Wmoj/X8TGBc++ECRK4m5yTsjP4O6s0yagbxfqIOuUkIxe2/sA+VR2GxZA==",
      "requires": {
        "fast-deep-equal": "^3.1.3"
      }
    },
    "utility-types": {
      "version": "3.10.0",
      "resolved": "https://registry.npmjs.org/utility-types/-/utility-types-3.10.0.tgz",
      "integrity": "sha512-O11mqxmi7wMKCo6HKFt5AhO4BwY3VV68YU07tgxfz8zJTIxr4BpsezN49Ffwy9j3ZpwwJp4fkRwjRzq3uWE6Rg=="
    },
    "webgl-constants": {
      "version": "1.1.1",
      "resolved": "https://registry.npmjs.org/webgl-constants/-/webgl-constants-1.1.1.tgz",
      "integrity": "sha512-LkBXKjU5r9vAW7Gcu3T5u+5cvSvh5WwINdr0C+9jpzVB41cjQAP5ePArDtk/WHYdVj0GefCgM73BA7FlIiNtdg=="
    },
    "worker-loader": {
      "version": "3.0.8",
      "resolved": "https://registry.npmjs.org/worker-loader/-/worker-loader-3.0.8.tgz",
      "integrity": "sha512-XQyQkIFeRVC7f7uRhFdNMe/iJOdO6zxAaR3EWbDp45v3mDhrTi+++oswKNxShUNjPC/1xUp5DB29YKLhFo129g==",
      "requires": {
        "loader-utils": "^2.0.0",
        "schema-utils": "^3.0.0"
      }
    },
    "zstddec": {
      "version": "0.0.2",
      "resolved": "https://registry.npmjs.org/zstddec/-/zstddec-0.0.2.tgz",
      "integrity": "sha512-DCo0oxvcvOTGP/f5FA6tz2Z6wF+FIcEApSTu0zV5sQgn9hoT5lZ9YRAKUraxt9oP7l4e8TnNdi8IZTCX6WCkwA=="
    },
    "zustand": {
      "version": "3.5.12",
      "resolved": "https://registry.npmjs.org/zustand/-/zustand-3.5.12.tgz",
      "integrity": "sha512-Cv9fX/yM5HXYODkn3Q/HMmMofnmZw3yqM73VT/3rQEvI/04Yl0OFNO24qMofhN82xTPWcCffkGPFCMq8r67Whg=="
    }
  }
}
