{
  "name": "cra",
  "version": "0.1.0",
  "lockfileVersion": 1,
  "requires": true,
  "dependencies": {
    "@alloc/types": {
      "version": "1.3.0",
      "resolved": "https://registry.npmjs.org/@alloc/types/-/types-1.3.0.tgz",
      "integrity": "sha512-mH7LiFiq9g6rX2tvt1LtwsclfG5hnsmtIfkZiauAGrm1AwXhoRS0sF2WrN9JGN7eV5vFXqNaB0eXZ3IvMsVi9g=="
    },
    "@babel/runtime": {
      "version": "7.13.10",
      "resolved": "https://registry.npmjs.org/@babel/runtime/-/runtime-7.13.10.tgz",
      "integrity": "sha512-4QPkjJq6Ns3V/RgpEahRk+AGfL0eO6RHHtTWoNNr5mO49G6B5+X6d6THgWEAvTrznU5xYpbAlVKRYcsCgh/Akw==",
      "requires": {
        "regenerator-runtime": "^0.13.4"
      }
    },
    "@react-spring/animated": {
      "version": "9.0.0",
      "resolved": "https://registry.npmjs.org/@react-spring/animated/-/animated-9.0.0.tgz",
      "integrity": "sha512-6EF7iNnBJzFozqc9rhdAvqW5WAIcLO3VapGd8OjRqHPL27zHP14n9klfPx2ccSPtVqs5EbttG6a+ntiP6RUTGw==",
      "requires": {
        "@react-spring/shared": "^9.0.0",
        "@react-spring/types": "^9.0.0",
        "react-layout-effect": "^1.0.1"
      }
    },
    "@react-spring/core": {
      "version": "9.0.0",
      "resolved": "https://registry.npmjs.org/@react-spring/core/-/core-9.0.0.tgz",
      "integrity": "sha512-VE193rRuv4BKON+K+UpHhPfs2snt2ySr0bYz35Lm+7Xw9PDoV7VVsoG3p/K/zNKLJWioyUQXKI0UkbUaS3KCfQ==",
      "requires": {
        "@react-spring/animated": "^9.0.0",
        "@react-spring/shared": "^9.0.0",
        "@react-spring/types": "^9.0.0",
        "react-layout-effect": "^1.0.1"
      }
    },
    "@react-spring/shared": {
      "version": "9.0.0",
      "resolved": "https://registry.npmjs.org/@react-spring/shared/-/shared-9.0.0.tgz",
      "integrity": "sha512-cbVTcepW5vj5BtGwxm6DU19C1QgK55YiPiEGRQLoQuvyKo/6LUPTWg0DO+Nzti90d52hcyb2WnGA5tE8sQHifw==",
      "requires": {
        "@react-spring/types": "^9.0.0",
        "fluids": "^0.2.2",
        "rafz": "^0.1.13"
      }
    },
    "@react-spring/types": {
      "version": "9.0.0",
      "resolved": "https://registry.npmjs.org/@react-spring/types/-/types-9.0.0.tgz",
      "integrity": "sha512-29PVjz3luTk1gMV6ZjVKmyIT45tpTKd7g37hfAzYE8drm7bOC5T/kcLM+gXl2HRYCwrzXKduW7jOwjlpEmma+w==",
      "requires": {
        "@alloc/types": "^1.2.1"
      }
    },
    "@react-spring/web": {
      "version": "9.0.0",
      "resolved": "https://registry.npmjs.org/@react-spring/web/-/web-9.0.0.tgz",
      "integrity": "sha512-A75WR7eYUS1p80KQcmVOakWwXCZ/+bnGd4FhKfAm8E4Kl//ZvPXVMuOuPP8hOsxy5sd7FZkbIULOCsRvXHFRQg==",
      "requires": {
        "@react-spring/animated": "^9.0.0",
        "@react-spring/core": "^9.0.0",
        "@react-spring/shared": "^9.0.0",
        "@react-spring/types": "^9.0.0"
      }
    },
    "@react-three/drei": {
      "version": "4.0.3",
      "resolved": "https://registry.npmjs.org/@react-three/drei/-/drei-4.0.3.tgz",
      "integrity": "sha512-IwWeEI3GeTxa0ncOS9AQ355JGmYPDlzNm0NqrEeptQNZIehNgse0k5AiM4TfnS4TwuO0hO4cAOnC68QkuDrEFw==",
      "requires": {
        "@babel/runtime": "^7.11.2",
        "@react-spring/web": "^9.0.0-rc.3",
        "blob-polyfill": "^4.0.20200601",
        "detect-gpu": "^3.0.0",
        "glsl-noise": "^0.0.0",
        "lodash.omit": "^4.5.0",
        "lodash.pick": "^4.4.0",
        "react-merge-refs": "^1.0.0",
        "stats.js": "^0.17.0",
        "three-stdlib": "^1.1.4",
        "troika-three-text": "^0.38.1",
        "use-asset": "^1.0.4",
        "utility-types": "^3.10.0",
        "zustand": "^3.0.3"
      }
    },
    "@types/gl-matrix": {
      "version": "2.4.5",
      "resolved": "https://registry.npmjs.org/@types/gl-matrix/-/gl-matrix-2.4.5.tgz",
      "integrity": "sha512-0L8Mq1+oaIW0oVzGUDbSW+HnTjCNb4CmoIQE5BkoHt/A7x20z0MJ1PnwfH3atty/vbWLGgvJwVu2Mz3SKFiEFw=="
    },
    "@types/json-schema": {
      "version": "7.0.7",
      "resolved": "https://registry.npmjs.org/@types/json-schema/-/json-schema-7.0.7.tgz",
      "integrity": "sha512-cxWFQVseBm6O9Gbw1IWb8r6OS4OhSt3hPZLkFApLjM8TEXROBuQGLAH2i2gZpcXdLBIrpXuTDhH7Vbm1iXmNGA=="
    },
    "@types/ua-parser-js": {
      "version": "0.7.35",
      "resolved": "https://registry.npmjs.org/@types/ua-parser-js/-/ua-parser-js-0.7.35.tgz",
      "integrity": "sha512-PsPx0RLbo2Un8+ff2buzYJnZjzwhD3jQHPOG2PtVIeOhkRDddMcKU8vJtHpzzfLB95dkUi0qAkfLg2l2Fd0yrQ=="
    },
    "@webgpu/glslang": {
      "version": "0.0.15",
      "resolved": "https://registry.npmjs.org/@webgpu/glslang/-/glslang-0.0.15.tgz",
      "integrity": "sha512-niT+Prh3Aff8Uf1MVBVUsaNjFj9rJAKDXuoHIKiQbB+6IUP/3J3JIhBNyZ7lDhytvXxw6ppgnwKZdDJ08UMj4Q=="
    },
    "@webxr-input-profiles/motion-controllers": {
      "version": "1.0.0",
      "resolved": "https://registry.npmjs.org/@webxr-input-profiles/motion-controllers/-/motion-controllers-1.0.0.tgz",
      "integrity": "sha512-Ppxde+G1/QZbU8ShCQg+eq5VtlcL/FPkerF1dkDOLlIml0LJD1tFqnCZYR0SrHzYleIQ2siRnOx7xbFLaCpExQ=="
    },
    "@zappar/zappar": {
      "version": "0.3.8",
      "resolved": "https://registry.npmjs.org/@zappar/zappar/-/zappar-0.3.8.tgz",
      "integrity": "sha512-m/bFk3228Vkm7rau17I7XHSlrlIUM1YCdxPIII277wkB6BULW5yWhCF1DuQusspO3/jHgazig2jcvwmVwr0MqA==",
      "requires": {
        "@zappar/zappar-cv": "^0.3.8"
      }
    },
    "@zappar/zappar-cv": {
      "version": "0.3.8",
      "resolved": "https://registry.npmjs.org/@zappar/zappar-cv/-/zappar-cv-0.3.8.tgz",
      "integrity": "sha512-G6sMASxd8Y8ZYVKi1afaOS/WK4ZQQY6cVfanraeISbc5rBKACKqb1t6encSsabuZk650AIqxKTm2vei/haICVg==",
      "requires": {
        "@types/gl-matrix": "^2.4.5",
        "@types/ua-parser-js": "^0.7.33",
        "file-loader": "^6.2.0",
        "gl-matrix": "3.1.0",
        "ua-parser-js": "^0.7.21",
        "worker-loader": "^3.0.5"
      }
    },
    "@zappar/zappar-react-three-fiber": {
      "version": "1.0.1",
      "resolved": "https://registry.npmjs.org/@zappar/zappar-react-three-fiber/-/zappar-react-three-fiber-1.0.1.tgz",
      "integrity": "sha512-2hNH6hJqYbBECW0QFYwItYbbNLdNCfZEn+Yk65oEiX7g6TIOkZkWkh5c420w4UH3jdiQhtKAJU/ofkcaAr861w==",
      "requires": {
        "@react-three/drei": "^4.0.1",
        "@zappar/zappar-threejs": "^0.3.8",
        "react-merge-refs": "^1.1.0",
        "zustand": "^3.3.3"
      }
    },
    "@zappar/zappar-threejs": {
      "version": "0.3.8",
      "resolved": "https://registry.npmjs.org/@zappar/zappar-threejs/-/zappar-threejs-0.3.8.tgz",
      "integrity": "sha512-+lCwkR+QeJkxPBWWmnLPYzRmlFGNgHZC5O/MX3OS9iTrxOJpJZ0FuF8Ygoa/kwBZT/dmgoi23fo5L1AVtNvc0g==",
      "requires": {
        "@zappar/zappar": "0.3.8"
      }
    },
    "ajv": {
      "version": "6.12.6",
      "resolved": "https://registry.npmjs.org/ajv/-/ajv-6.12.6.tgz",
      "integrity": "sha512-j3fVLgvTo527anyYyJOGTYJbG+vnnQYvE0m5mmkc1TK+nxAppkCLMIL0aZ4dblVCNoGShhm+kzE4ZUykBoMg4g==",
      "requires": {
        "fast-deep-equal": "^3.1.1",
        "fast-json-stable-stringify": "^2.0.0",
        "json-schema-traverse": "^0.4.1",
        "uri-js": "^4.2.2"
      }
    },
    "ajv-keywords": {
      "version": "3.5.2",
      "resolved": "https://registry.npmjs.org/ajv-keywords/-/ajv-keywords-3.5.2.tgz",
      "integrity": "sha512-5p6WTN0DdTGVQk6VjcEju19IgaHudalcfabD7yhDGeA6bcQnmL+CpveLJq/3hvfwd1aof6L386Ougkx6RfyMIQ=="
    },
    "big.js": {
      "version": "5.2.2",
      "resolved": "https://registry.npmjs.org/big.js/-/big.js-5.2.2.tgz",
      "integrity": "sha512-vyL2OymJxmarO8gxMr0mhChsO9QGwhynfuu4+MHTAW6czfq9humCB7rKpUjDd9YUiDPU4mzpyupFSvOClAwbmQ=="
    },
    "blob-polyfill": {
      "version": "4.0.20200601",
      "resolved": "https://registry.npmjs.org/blob-polyfill/-/blob-polyfill-4.0.20200601.tgz",
      "integrity": "sha512-1jB6WOIp6IDxNyng5+9A8g/f0uiphib2ELCN+XAnlssinsW8s1k4VYG9b1TxIUd3pdm9RJSLQuBh6iohYmD4hA=="
    },
    "chevrotain": {
      "version": "7.1.2",
      "resolved": "https://registry.npmjs.org/chevrotain/-/chevrotain-7.1.2.tgz",
      "integrity": "sha512-9bQsXVQ7UAvzMs7iUBBJ9Yv//exOy7bIR3PByOEk4M64vIE/LsiOiX7VIkMF/vEMlrSStwsaE884Bp9CpjtC5g==",
      "requires": {
        "regexp-to-ast": "0.5.0"
      }
    },
    "detect-gpu": {
      "version": "3.0.0",
      "resolved": "https://registry.npmjs.org/detect-gpu/-/detect-gpu-3.0.0.tgz",
      "integrity": "sha512-D/uxvKWDqhy7XoHHdC7By1Bzxuv0t8OwccsiW1DbRPsqOr0rTAjxdO//bSck6QS54jc9QHbaQoRczAy5KbCOCQ==",
      "requires": {
        "webgl-constants": "^1.1.1"
      }
    },
    "emojis-list": {
      "version": "3.0.0",
      "resolved": "https://registry.npmjs.org/emojis-list/-/emojis-list-3.0.0.tgz",
      "integrity": "sha512-/kyM18EfinwXZbno9FyUGeFh87KC8HRQBQGildHZbEuRyWFOmv1U10o9BBp8XVZDVNNuQKyIGIu5ZYAAXJ0V2Q=="
    },
    "fast-deep-equal": {
      "version": "3.1.3",
      "resolved": "https://registry.npmjs.org/fast-deep-equal/-/fast-deep-equal-3.1.3.tgz",
      "integrity": "sha512-f3qQ9oQy9j2AhBe/H9VC91wLmKBCCU/gDOnKNAYG5hswO7BLKj09Hc5HYNz9cGI++xlpDCIgDaitVs03ATR84Q=="
    },
    "fast-json-stable-stringify": {
      "version": "2.1.0",
      "resolved": "https://registry.npmjs.org/fast-json-stable-stringify/-/fast-json-stable-stringify-2.1.0.tgz",
      "integrity": "sha512-lhd/wF+Lk98HZoTCtlVraHtfh5XYijIjalXck7saUtuanSDyLMxnHhSXEDJqHxD7msR8D0uCmqlkwjCV8xvwHw=="
    },
    "fflate": {
      "version": "0.6.9",
      "resolved": "https://registry.npmjs.org/fflate/-/fflate-0.6.9.tgz",
      "integrity": "sha512-hmAdxNHub7fw36hX7BHiuAO0uekp6ufY2sjxBXWxIf0sw5p7tnS9GVrdM4D12SDYQUHVpiC50fPBYPTjOzRU2Q=="
    },
    "file-loader": {
      "version": "6.2.0",
      "resolved": "https://registry.npmjs.org/file-loader/-/file-loader-6.2.0.tgz",
      "integrity": "sha512-qo3glqyTa61Ytg4u73GultjHGjdRyig3tG6lPtyX/jOEJvHif9uB0/OCI2Kif6ctF3caQTW2G5gym21oAsI4pw==",
      "requires": {
        "loader-utils": "^2.0.0",
        "schema-utils": "^3.0.0"
      }
    },
    "fluids": {
      "version": "0.2.8",
      "resolved": "https://registry.npmjs.org/fluids/-/fluids-0.2.8.tgz",
      "integrity": "sha512-60W1IZZaIm7OeNKhlyxNgCqEt0t89ds+RODxiWy6BVgaolK1eXFCamIEmxdAx8o83XtuH1haIl5QkOX2nff9wA=="
    },
    "gl-matrix": {
      "version": "3.1.0",
      "resolved": "https://registry.npmjs.org/gl-matrix/-/gl-matrix-3.1.0.tgz",
      "integrity": "sha512-526NA+3EA+ztAQi0IZpSWiM0fyQXIp7IbRvfJ4wS/TjjQD0uv0fVybXwwqqSOlq33UckivI0yMDlVtboWm3k7A=="
    },
    "glsl-noise": {
      "version": "0.0.0",
      "resolved": "https://registry.npmjs.org/glsl-noise/-/glsl-noise-0.0.0.tgz",
      "integrity": "sha1-NndF86MzgsDu7Ey1S36Zz8HXZws="
    },
    "json-schema-traverse": {
      "version": "0.4.1",
      "resolved": "https://registry.npmjs.org/json-schema-traverse/-/json-schema-traverse-0.4.1.tgz",
      "integrity": "sha512-xbbCH5dCYU5T8LcEhhuh7HJ88HXuW3qsI3Y0zOZFKfZEHcpWiHU/Jxzk629Brsab/mMiHQti9wMP+845RPe3Vg=="
    },
    "json5": {
      "version": "2.2.0",
      "resolved": "https://registry.npmjs.org/json5/-/json5-2.2.0.tgz",
      "integrity": "sha512-f+8cldu7X/y7RAJurMEJmdoKXGB/X550w2Nr3tTbezL6RwEE/iMcm+tZnXeoZtKuOq6ft8+CqzEkrIgx1fPoQA==",
      "requires": {
        "minimist": "^1.2.5"
      }
    },
    "ktx-parse": {
      "version": "0.0.5",
      "resolved": "https://registry.npmjs.org/ktx-parse/-/ktx-parse-0.0.5.tgz",
      "integrity": "sha512-fEUns44kq6iwUcX+yrfAZrXj9diDsbYpAw4fdG6Kq9Acf/xEn7VetnatcGIB4ZoFUiAzNY6fi7Z2DzqepjomNg=="
    },
    "loader-utils": {
      "version": "2.0.0",
      "resolved": "https://registry.npmjs.org/loader-utils/-/loader-utils-2.0.0.tgz",
      "integrity": "sha512-rP4F0h2RaWSvPEkD7BLDFQnvSf+nK+wr3ESUjNTyAGobqrijmW92zc+SO6d4p4B1wh7+B/Jg1mkQe5NYUEHtHQ==",
      "requires": {
        "big.js": "^5.2.2",
        "emojis-list": "^3.0.0",
        "json5": "^2.1.2"
      }
    },
    "lodash.omit": {
      "version": "4.5.0",
      "resolved": "https://registry.npmjs.org/lodash.omit/-/lodash.omit-4.5.0.tgz",
      "integrity": "sha1-brGa5aHuHdnfC5aeZs4Lf6MLXmA="
    },
    "lodash.pick": {
      "version": "4.4.0",
      "resolved": "https://registry.npmjs.org/lodash.pick/-/lodash.pick-4.4.0.tgz",
      "integrity": "sha1-UvBWEP/53tQiYRRB7R/BI6AwAbM="
    },
    "minimist": {
      "version": "1.2.5",
      "resolved": "https://registry.npmjs.org/minimist/-/minimist-1.2.5.tgz",
      "integrity": "sha512-FM9nNUYrRBAELZQT3xeZQ7fmMOBg6nWNmJKTcgsJeaLstP/UODVpGsr5OhXhhXg6f+qtJ8uiZ+PUxkDWcgIXLw=="
    },
    "mmd-parser": {
      "version": "1.0.4",
      "resolved": "https://registry.npmjs.org/mmd-parser/-/mmd-parser-1.0.4.tgz",
      "integrity": "sha512-Qi0VCU46t2IwfGv5KF0+D/t9cizcDug7qnNoy9Ggk7aucp0tssV8IwTMkBlDbm+VqAf3cdQHTCARKSsuS2MYFg=="
    },
    "opentype.js": {
      "version": "1.3.3",
      "resolved": "https://registry.npmjs.org/opentype.js/-/opentype.js-1.3.3.tgz",
      "integrity": "sha512-/qIY/+WnKGlPIIPhbeNjynfD2PO15G9lA/xqlX2bDH+4lc3Xz5GCQ68mqxj3DdUv6AJqCeaPvuAoH8mVL0zcuA==",
      "requires": {
        "string.prototype.codepointat": "^0.2.1",
        "tiny-inflate": "^1.0.3"
      }
    },
    "potpack": {
      "version": "1.0.1",
      "resolved": "https://registry.npmjs.org/potpack/-/potpack-1.0.1.tgz",
      "integrity": "sha512-15vItUAbViaYrmaB/Pbw7z6qX2xENbFSTA7Ii4tgbPtasxm5v6ryKhKtL91tpWovDJzTiZqdwzhcFBCwiMVdVw=="
    },
    "punycode": {
      "version": "2.1.1",
      "resolved": "https://registry.npmjs.org/punycode/-/punycode-2.1.1.tgz",
      "integrity": "sha512-XRsRjdf+j5ml+y/6GKHPZbrF/8p2Yga0JPtdqTIY2Xe5ohJPD9saDJJLPvp9+NSBprVvevdXZybnj2cv8OEd0A=="
    },
    "rafz": {
      "version": "0.1.14",
      "resolved": "https://registry.npmjs.org/rafz/-/rafz-0.1.14.tgz",
      "integrity": "sha512-YiQkedSt1urYtYbvHhTQR3l67M8SZbUvga5eJFM/v4vx/GmDdtXlE2hjJIyRjhhO/PjcdGC+CXCYOUA4onit8w=="
    },
    "react-layout-effect": {
      "version": "1.0.5",
      "resolved": "https://registry.npmjs.org/react-layout-effect/-/react-layout-effect-1.0.5.tgz",
      "integrity": "sha512-zdRXHuch+OBHU6bvjTelOGUCM+UDr/iCY+c0wXLEAc+G4/FlcJruD/hUOzlKH5XgO90Y/BUJPNhI/g9kl+VAsA=="
    },
    "react-merge-refs": {
      "version": "1.1.0",
      "resolved": "https://registry.npmjs.org/react-merge-refs/-/react-merge-refs-1.1.0.tgz",
      "integrity": "sha512-alTKsjEL0dKH/ru1Iyn7vliS2QRcBp9zZPGoWxUOvRGWPUYgjo+V01is7p04It6KhgrzhJGnIj9GgX8W4bZoCQ=="
    },
    "regenerator-runtime": {
      "version": "0.13.7",
      "resolved": "https://registry.npmjs.org/regenerator-runtime/-/regenerator-runtime-0.13.7.tgz",
      "integrity": "sha512-a54FxoJDIr27pgf7IgeQGxmqUNYrcV338lf/6gH456HZ/PhX+5BcwHXG9ajESmwe6WRO0tAzRUrRmNONWgkrew=="
    },
    "regexp-to-ast": {
      "version": "0.5.0",
      "resolved": "https://registry.npmjs.org/regexp-to-ast/-/regexp-to-ast-0.5.0.tgz",
      "integrity": "sha512-tlbJqcMHnPKI9zSrystikWKwHkBqu2a/Sgw01h3zFjvYrMxEDYHzzoMZnUrbIfpTFEsoRnnviOXNCzFiSc54Qw=="
    },
    "schema-utils": {
      "version": "3.0.0",
      "resolved": "https://registry.npmjs.org/schema-utils/-/schema-utils-3.0.0.tgz",
      "integrity": "sha512-6D82/xSzO094ajanoOSbe4YvXWMfn2A//8Y1+MUqFAJul5Bs+yn36xbK9OtNDcRVSBJ9jjeoXftM6CfztsjOAA==",
      "requires": {
        "@types/json-schema": "^7.0.6",
        "ajv": "^6.12.5",
        "ajv-keywords": "^3.5.2"
      }
    },
    "stats.js": {
      "version": "0.17.0",
      "resolved": "https://registry.npmjs.org/stats.js/-/stats.js-0.17.0.tgz",
      "integrity": "sha1-scPcRtlEmLV4t/05hbgaznExzH0="
    },
    "string.prototype.codepointat": {
      "version": "0.2.1",
      "resolved": "https://registry.npmjs.org/string.prototype.codepointat/-/string.prototype.codepointat-0.2.1.tgz",
      "integrity": "sha512-2cBVCj6I4IOvEnjgO/hWqXjqBGsY+zwPmHl12Srk9IXSZ56Jwwmy+66XO5Iut/oQVR7t5ihYdLB0GMa4alEUcg=="
    },
    "three-stdlib": {
      "version": "1.2.2",
      "resolved": "https://registry.npmjs.org/three-stdlib/-/three-stdlib-1.2.2.tgz",
      "integrity": "sha512-fcr84rofXVSeEqf27zBGEju6ih/lcvRRFSTjbHvDfAYKUd0r7tFLwQOUJxW6K7Y/M3pBQMRS9RWllADWuYIJGg==",
      "requires": {
        "@babel/runtime": "^7.13.10",
        "@webgpu/glslang": "^0.0.15",
        "@webxr-input-profiles/motion-controllers": "^1.0.0",
        "chevrotain": "^7.1.2",
        "fflate": "^0.6.4",
        "ktx-parse": "^0.0.5",
        "mmd-parser": "^1.0.3",
        "opentype.js": "^1.3.3",
        "potpack": "^1.0.1",
        "zstddec": "^0.0.2"
      }
    },
    "tiny-inflate": {
      "version": "1.0.3",
      "resolved": "https://registry.npmjs.org/tiny-inflate/-/tiny-inflate-1.0.3.tgz",
      "integrity": "sha512-pkY1fj1cKHb2seWDy0B16HeWyczlJA9/WW3u3c4z/NiWDsO3DOU5D7nhTLE9CF0yXv/QZFY7sEJmj24dK+Rrqw=="
    },
    "troika-three-text": {
      "version": "0.38.1",
      "resolved": "https://registry.npmjs.org/troika-three-text/-/troika-three-text-0.38.1.tgz",
      "integrity": "sha512-nf4zLsdFc+u1P7UDaVvODclmtmYLXnRs9w43ZC0iiPTZT+iequ7+Vmbd0s3DOYhgEzIeACDXBdX9bSW/PRjXhA==",
      "requires": {
        "troika-three-utils": "^0.38.1",
        "troika-worker-utils": "^0.38.1"
      }
    },
    "troika-three-utils": {
      "version": "0.38.1",
      "resolved": "https://registry.npmjs.org/troika-three-utils/-/troika-three-utils-0.38.1.tgz",
      "integrity": "sha512-uJM1K219B/q3q7SNnWzthSWHzE80JGNPqP4yBKPGqZ0RaXLhzTBtFuKvSQlVYYrqb/RK21iCOf13vtGyPhwM2A=="
    },
    "troika-worker-utils": {
      "version": "0.38.1",
      "resolved": "https://registry.npmjs.org/troika-worker-utils/-/troika-worker-utils-0.38.1.tgz",
      "integrity": "sha512-Ish/wxrTG2fzody/E7cAjluTHbM7bn5hGmqOCUr33Ig5wleTj5B6miVOlxc6tUskf1ZXhC9Z35d0zyHzWJrwww=="
    },
    "ua-parser-js": {
      "version": "0.7.27",
      "resolved": "https://registry.npmjs.org/ua-parser-js/-/ua-parser-js-0.7.27.tgz",
      "integrity": "sha512-eXMaRYK2skomGocoX0x9sBXzx5A1ZVQgXfrW4mTc8dT0zS7olEcyfudAzRC5tIIRgLxQ69B6jut3DI+n5hslPA=="
    },
    "uri-js": {
      "version": "4.4.1",
      "resolved": "https://registry.npmjs.org/uri-js/-/uri-js-4.4.1.tgz",
      "integrity": "sha512-7rKUyy33Q1yc98pQ1DAmLtwX109F7TIfWlW1Ydo8Wl1ii1SeHieeh0HHfPeL2fMXK6z0s8ecKs9frCuLJvndBg==",
      "requires": {
        "punycode": "^2.1.0"
      }
    },
    "use-asset": {
      "version": "1.0.4",
      "resolved": "https://registry.npmjs.org/use-asset/-/use-asset-1.0.4.tgz",
      "integrity": "sha512-7/hqDrWa0iMnCoET9W1T07EmD4Eg/Wmoj/X8TGBc++ECRK4m5yTsjP4O6s0yagbxfqIOuUkIxe2/sA+VR2GxZA==",
      "requires": {
        "fast-deep-equal": "^3.1.3"
      }
    },
    "utility-types": {
      "version": "3.10.0",
      "resolved": "https://registry.npmjs.org/utility-types/-/utility-types-3.10.0.tgz",
      "integrity": "sha512-O11mqxmi7wMKCo6HKFt5AhO4BwY3VV68YU07tgxfz8zJTIxr4BpsezN49Ffwy9j3ZpwwJp4fkRwjRzq3uWE6Rg=="
    },
    "webgl-constants": {
      "version": "1.1.1",
      "resolved": "https://registry.npmjs.org/webgl-constants/-/webgl-constants-1.1.1.tgz",
      "integrity": "sha512-LkBXKjU5r9vAW7Gcu3T5u+5cvSvh5WwINdr0C+9jpzVB41cjQAP5ePArDtk/WHYdVj0GefCgM73BA7FlIiNtdg=="
    },
    "worker-loader": {
      "version": "3.0.8",
      "resolved": "https://registry.npmjs.org/worker-loader/-/worker-loader-3.0.8.tgz",
      "integrity": "sha512-XQyQkIFeRVC7f7uRhFdNMe/iJOdO6zxAaR3EWbDp45v3mDhrTi+++oswKNxShUNjPC/1xUp5DB29YKLhFo129g==",
      "requires": {
        "loader-utils": "^2.0.0",
        "schema-utils": "^3.0.0"
      }
    },
    "zstddec": {
      "version": "0.0.2",
      "resolved": "https://registry.npmjs.org/zstddec/-/zstddec-0.0.2.tgz",
      "integrity": "sha512-DCo0oxvcvOTGP/f5FA6tz2Z6wF+FIcEApSTu0zV5sQgn9hoT5lZ9YRAKUraxt9oP7l4e8TnNdi8IZTCX6WCkwA=="
    },
    "zustand": {
      "version": "3.3.3",
      "resolved": "https://registry.npmjs.org/zustand/-/zustand-3.3.3.tgz",
      "integrity": "sha512-KTN/O76rVc9muDoprsCDe/LQjbuq+GHYt5JdYahuXaGZ+8Gyk44SepzTFeQTF5J+b8+/Q+o90BaSEQ3WImKPog=="
    }
  }
}
