{
  "name": "cra",
  "version": "0.1.0",
  "lockfileVersion": 1,
  "requires": true,
  "dependencies": {
    "@types/gl-matrix": {
      "version": "2.4.5",
      "resolved": "https://registry.npmjs.org/@types/gl-matrix/-/gl-matrix-2.4.5.tgz",
      "integrity": "sha512-0L8Mq1+oaIW0oVzGUDbSW+HnTjCNb4CmoIQE5BkoHt/A7x20z0MJ1PnwfH3atty/vbWLGgvJwVu2Mz3SKFiEFw=="
    },
    "@types/json-schema": {
      "version": "7.0.7",
      "resolved": "https://registry.npmjs.org/@types/json-schema/-/json-schema-7.0.7.tgz",
      "integrity": "sha512-cxWFQVseBm6O9Gbw1IWb8r6OS4OhSt3hPZLkFApLjM8TEXROBuQGLAH2i2gZpcXdLBIrpXuTDhH7Vbm1iXmNGA=="
    },
    "@types/ua-parser-js": {
      "version": "0.7.35",
      "resolved": "https://registry.npmjs.org/@types/ua-parser-js/-/ua-parser-js-0.7.35.tgz",
      "integrity": "sha512-PsPx0RLbo2Un8+ff2buzYJnZjzwhD3jQHPOG2PtVIeOhkRDddMcKU8vJtHpzzfLB95dkUi0qAkfLg2l2Fd0yrQ=="
    },
    "@zappar/zappar": {
      "version": "0.3.5",
      "resolved": "https://registry.npmjs.org/@zappar/zappar/-/zappar-0.3.5.tgz",
      "integrity": "sha512-HATEZdnH7iC3Poya2XKoqNHi2YnG3e3WAbBTGfjwnuvTbg5HeYowSwcrYMXW2RRBleajiflurzzthQIBqqaXyQ==",
      "requires": {
        "@zappar/zappar-cv": "^0.3.5"
      }
    },
    "@zappar/zappar-cv": {
      "version": "0.3.8",
      "resolved": "https://registry.npmjs.org/@zappar/zappar-cv/-/zappar-cv-0.3.8.tgz",
      "integrity": "sha512-G6sMASxd8Y8ZYVKi1afaOS/WK4ZQQY6cVfanraeISbc5rBKACKqb1t6encSsabuZk650AIqxKTm2vei/haICVg==",
      "requires": {
        "@types/gl-matrix": "^2.4.5",
        "@types/ua-parser-js": "^0.7.33",
        "file-loader": "^6.2.0",
        "gl-matrix": "3.1.0",
        "ua-parser-js": "^0.7.21",
        "worker-loader": "^3.0.5"
      }
    },
    "@zappar/zappar-react-three-fiber": {
      "version": "0.1.25",
      "resolved": "https://registry.npmjs.org/@zappar/zappar-react-three-fiber/-/zappar-react-three-fiber-0.1.25.tgz",
      "integrity": "sha512-UycVzKRYcFn7gsuIPUbqNUWbHClvwB+6CDGxFU6LmOLf0SzgqTHqNwJe1bdp3lgQ7hUnunyfe805kIkokPRh0w==",
      "requires": {
        "@zappar/zappar-threejs": "^0.3.6",
        "react-merge-refs": "^1.1.0",
        "zustand": "^3.2.0"
      }
    },
    "@zappar/zappar-threejs": {
      "version": "0.3.6",
      "resolved": "https://registry.npmjs.org/@zappar/zappar-threejs/-/zappar-threejs-0.3.6.tgz",
      "integrity": "sha512-C8ovkNSuUMfs9Y5z25QV4Myntn5BFh99ftot2eTtKYJexYnBgerw/KqsBIjT66uPNJWzSWSTv94fcVcQZPEsAg==",
      "requires": {
        "@zappar/zappar": "0.3.5",
        "csstype": "^2.6.10"
      }
    },
    "ajv": {
      "version": "6.12.6",
      "resolved": "https://registry.npmjs.org/ajv/-/ajv-6.12.6.tgz",
      "integrity": "sha512-j3fVLgvTo527anyYyJOGTYJbG+vnnQYvE0m5mmkc1TK+nxAppkCLMIL0aZ4dblVCNoGShhm+kzE4ZUykBoMg4g==",
      "requires": {
        "fast-deep-equal": "^3.1.1",
        "fast-json-stable-stringify": "^2.0.0",
        "json-schema-traverse": "^0.4.1",
        "uri-js": "^4.2.2"
      }
    },
    "ajv-keywords": {
      "version": "3.5.2",
      "resolved": "https://registry.npmjs.org/ajv-keywords/-/ajv-keywords-3.5.2.tgz",
      "integrity": "sha512-5p6WTN0DdTGVQk6VjcEju19IgaHudalcfabD7yhDGeA6bcQnmL+CpveLJq/3hvfwd1aof6L386Ougkx6RfyMIQ=="
    },
    "big.js": {
      "version": "5.2.2",
      "resolved": "https://registry.npmjs.org/big.js/-/big.js-5.2.2.tgz",
      "integrity": "sha512-vyL2OymJxmarO8gxMr0mhChsO9QGwhynfuu4+MHTAW6czfq9humCB7rKpUjDd9YUiDPU4mzpyupFSvOClAwbmQ=="
    },
    "csstype": {
      "version": "2.6.15",
      "resolved": "https://registry.npmjs.org/csstype/-/csstype-2.6.15.tgz",
      "integrity": "sha512-FNeiVKudquehtR3t9TRRnsHL+lJhuHF5Zn9dt01jpojlurLEPDhhEtUkWmAUJ7/fOLaLG4dCDEnUsR0N1rZSsg=="
    },
    "emojis-list": {
      "version": "3.0.0",
      "resolved": "https://registry.npmjs.org/emojis-list/-/emojis-list-3.0.0.tgz",
      "integrity": "sha512-/kyM18EfinwXZbno9FyUGeFh87KC8HRQBQGildHZbEuRyWFOmv1U10o9BBp8XVZDVNNuQKyIGIu5ZYAAXJ0V2Q=="
    },
    "fast-deep-equal": {
      "version": "3.1.3",
      "resolved": "https://registry.npmjs.org/fast-deep-equal/-/fast-deep-equal-3.1.3.tgz",
      "integrity": "sha512-f3qQ9oQy9j2AhBe/H9VC91wLmKBCCU/gDOnKNAYG5hswO7BLKj09Hc5HYNz9cGI++xlpDCIgDaitVs03ATR84Q=="
    },
    "fast-json-stable-stringify": {
      "version": "2.1.0",
      "resolved": "https://registry.npmjs.org/fast-json-stable-stringify/-/fast-json-stable-stringify-2.1.0.tgz",
      "integrity": "sha512-lhd/wF+Lk98HZoTCtlVraHtfh5XYijIjalXck7saUtuanSDyLMxnHhSXEDJqHxD7msR8D0uCmqlkwjCV8xvwHw=="
    },
    "file-loader": {
      "version": "6.2.0",
      "resolved": "https://registry.npmjs.org/file-loader/-/file-loader-6.2.0.tgz",
      "integrity": "sha512-qo3glqyTa61Ytg4u73GultjHGjdRyig3tG6lPtyX/jOEJvHif9uB0/OCI2Kif6ctF3caQTW2G5gym21oAsI4pw==",
      "requires": {
        "loader-utils": "^2.0.0",
        "schema-utils": "^3.0.0"
      }
    },
    "gl-matrix": {
      "version": "3.1.0",
      "resolved": "https://registry.npmjs.org/gl-matrix/-/gl-matrix-3.1.0.tgz",
      "integrity": "sha512-526NA+3EA+ztAQi0IZpSWiM0fyQXIp7IbRvfJ4wS/TjjQD0uv0fVybXwwqqSOlq33UckivI0yMDlVtboWm3k7A=="
    },
    "json-schema-traverse": {
      "version": "0.4.1",
      "resolved": "https://registry.npmjs.org/json-schema-traverse/-/json-schema-traverse-0.4.1.tgz",
      "integrity": "sha512-xbbCH5dCYU5T8LcEhhuh7HJ88HXuW3qsI3Y0zOZFKfZEHcpWiHU/Jxzk629Brsab/mMiHQti9wMP+845RPe3Vg=="
    },
    "json5": {
      "version": "2.2.0",
      "resolved": "https://registry.npmjs.org/json5/-/json5-2.2.0.tgz",
      "integrity": "sha512-f+8cldu7X/y7RAJurMEJmdoKXGB/X550w2Nr3tTbezL6RwEE/iMcm+tZnXeoZtKuOq6ft8+CqzEkrIgx1fPoQA==",
      "requires": {
        "minimist": "^1.2.5"
      }
    },
    "loader-utils": {
      "version": "2.0.0",
      "resolved": "https://registry.npmjs.org/loader-utils/-/loader-utils-2.0.0.tgz",
      "integrity": "sha512-rP4F0h2RaWSvPEkD7BLDFQnvSf+nK+wr3ESUjNTyAGobqrijmW92zc+SO6d4p4B1wh7+B/Jg1mkQe5NYUEHtHQ==",
      "requires": {
        "big.js": "^5.2.2",
        "emojis-list": "^3.0.0",
        "json5": "^2.1.2"
      }
    },
    "minimist": {
      "version": "1.2.5",
      "resolved": "https://registry.npmjs.org/minimist/-/minimist-1.2.5.tgz",
      "integrity": "sha512-FM9nNUYrRBAELZQT3xeZQ7fmMOBg6nWNmJKTcgsJeaLstP/UODVpGsr5OhXhhXg6f+qtJ8uiZ+PUxkDWcgIXLw=="
    },
    "punycode": {
      "version": "2.1.1",
      "resolved": "https://registry.npmjs.org/punycode/-/punycode-2.1.1.tgz",
      "integrity": "sha512-XRsRjdf+j5ml+y/6GKHPZbrF/8p2Yga0JPtdqTIY2Xe5ohJPD9saDJJLPvp9+NSBprVvevdXZybnj2cv8OEd0A=="
    },
    "react-merge-refs": {
      "version": "1.1.0",
      "resolved": "https://registry.npmjs.org/react-merge-refs/-/react-merge-refs-1.1.0.tgz",
      "integrity": "sha512-alTKsjEL0dKH/ru1Iyn7vliS2QRcBp9zZPGoWxUOvRGWPUYgjo+V01is7p04It6KhgrzhJGnIj9GgX8W4bZoCQ=="
    },
    "schema-utils": {
      "version": "3.0.0",
      "resolved": "https://registry.npmjs.org/schema-utils/-/schema-utils-3.0.0.tgz",
      "integrity": "sha512-6D82/xSzO094ajanoOSbe4YvXWMfn2A//8Y1+MUqFAJul5Bs+yn36xbK9OtNDcRVSBJ9jjeoXftM6CfztsjOAA==",
      "requires": {
        "@types/json-schema": "^7.0.6",
        "ajv": "^6.12.5",
        "ajv-keywords": "^3.5.2"
      }
    },
    "ua-parser-js": {
      "version": "0.7.24",
      "resolved": "https://registry.npmjs.org/ua-parser-js/-/ua-parser-js-0.7.24.tgz",
      "integrity": "sha512-yo+miGzQx5gakzVK3QFfN0/L9uVhosXBBO7qmnk7c2iw1IhL212wfA3zbnI54B0obGwC/5NWub/iT9sReMx+Fw=="
    },
    "uri-js": {
      "version": "4.4.1",
      "resolved": "https://registry.npmjs.org/uri-js/-/uri-js-4.4.1.tgz",
      "integrity": "sha512-7rKUyy33Q1yc98pQ1DAmLtwX109F7TIfWlW1Ydo8Wl1ii1SeHieeh0HHfPeL2fMXK6z0s8ecKs9frCuLJvndBg==",
      "requires": {
        "punycode": "^2.1.0"
      }
    },
    "worker-loader": {
      "version": "3.0.8",
      "resolved": "https://registry.npmjs.org/worker-loader/-/worker-loader-3.0.8.tgz",
      "integrity": "sha512-XQyQkIFeRVC7f7uRhFdNMe/iJOdO6zxAaR3EWbDp45v3mDhrTi+++oswKNxShUNjPC/1xUp5DB29YKLhFo129g==",
      "requires": {
        "loader-utils": "^2.0.0",
        "schema-utils": "^3.0.0"
      }
    },
    "zustand": {
      "version": "3.3.2",
      "resolved": "https://registry.npmjs.org/zustand/-/zustand-3.3.2.tgz",
      "integrity": "sha512-S1CuYmsgQiypCEvKJ6wjkQdMxAOPP+XY0fXLuPYY8BRZF+FvgyuqyEODJTvTasIYx8BMQXIcuMOCoKSwRdLKPw=="
    }
  }
}
